PODS:
  - Alamofire (4.8.2)
  - HandyJSON (5.0.0-beta)
  - MBProgressHUD (1.1.0)

DEPENDENCIES:
  - Alamofire (= 4.8.2)
  - HandyJSON (= 5.0.0-beta)
  - MBProgressHUD

SPEC REPOS:
  https://github.com/CocoaPods/Specs.git:
    - Alamofire
    - HandyJSON
    - MBProgressHUD

SPEC CHECKSUMS:
  Alamofire: ae5c501addb7afdbb13687d7f2f722c78734c2d3
  HandyJSON: b84ac9904050a0897a0802092b7cb8808e0a4e9a
  MBProgressHUD: e7baa36a220447d8aeb12769bf0585582f3866d9

PODFILE CHECKSUM: ca24106fd2f10bca2b17235ff9c811f960d984a9

COCOAPODS: 1.8.4
